
Microsoft Visual Studio Solution File, Format Version 12.00
# Visual Studio Version 17
VisualStudioVersion = 17.3.32811.315
MinimumVisualStudioVersion = 10.0.40219.1
Project("{FAE04EC0-301F-11D3-BF4B-00C04F79EFBC}") = "LessonsGD", "LessonsGD\LessonsGD.csproj", "{B799A88B-49DB-4A1F-A8F5-AD91CC603CB0}"
EndProject
Global
	GlobalSection(SolutionConfigurationPlatforms) = preSolution
		Debug|Any CPU = Debug|Any CPU
		Release|Any CPU = Release|Any CPU
	EndGlobalSection
	GlobalSection(ProjectConfigurationPlatforms) = postSolution
		{B799A88B-49DB-4A1F-A8F5-AD91CC603CB0}.Debug|Any CPU.ActiveCfg = Debug|Any CPU
		{B799A88B-49DB-4A1F-A8F5-AD91CC603CB0}.Debug|Any CPU.Build.0 = Debug|Any CPU
		{B799A88B-49DB-4A1F-A8F5-AD91CC603CB0}.Release|Any CPU.ActiveCfg = Release|Any CPU
		{B799A88B-49DB-4A1F-A8F5-AD91CC603CB0}.Release|Any CPU.Build.0 = Release|Any CPU
	EndGlobalSection
	GlobalSection(SolutionProperties) = preSolution
		HideSolutionNode = FALSE
	EndGlobalSection
	GlobalSection(ExtensibilityGlobals) = postSolution
		SolutionGuid = {84AE0DD0-F67C-4493-A011-01B7EC15FABE}
	EndGlobalSection
EndGlobal
